
Microsoft Visual Studio Solution File, Format Version 12.00
# Visual Studio 14
VisualStudioVersion = 14.0.25420.1
MinimumVisualStudioVersion = 10.0.40219.1
Project("{FAE04EC0-301F-11D3-BF4B-00C04F79EFBC}") = "motors", "motors\motors.csproj", "{DCC674F1-D101-4442-B604-B47C996C84D1}"
EndProject
Project("{FAE04EC0-301F-11D3-BF4B-00C04F79EFBC}") = "motors.Tests", "motors.Tests\motors.Tests.csproj", "{4A22308F-08AD-44EC-9491-A95FD7509FDD}"
EndProject
Global
	GlobalSection(SolutionConfigurationPlatforms) = preSolution
		Debug|Any CPU = Debug|Any CPU
		Release|Any CPU = Release|Any CPU
	EndGlobalSection
	GlobalSection(ProjectConfigurationPlatforms) = postSolution
		{DCC674F1-D101-4442-B604-B47C996C84D1}.Debug|Any CPU.ActiveCfg = Debug|Any CPU
		{DCC674F1-D101-4442-B604-B47C996C84D1}.Debug|Any CPU.Build.0 = Debug|Any CPU
		{DCC674F1-D101-4442-B604-B47C996C84D1}.Release|Any CPU.ActiveCfg = Release|Any CPU
		{DCC674F1-D101-4442-B604-B47C996C84D1}.Release|Any CPU.Build.0 = Release|Any CPU
		{4A22308F-08AD-44EC-9491-A95FD7509FDD}.Debug|Any CPU.ActiveCfg = Debug|Any CPU
		{4A22308F-08AD-44EC-9491-A95FD7509FDD}.Debug|Any CPU.Build.0 = Debug|Any CPU
		{4A22308F-08AD-44EC-9491-A95FD7509FDD}.Release|Any CPU.ActiveCfg = Release|Any CPU
		{4A22308F-08AD-44EC-9491-A95FD7509FDD}.Release|Any CPU.Build.0 = Release|Any CPU
	EndGlobalSection
	GlobalSection(SolutionProperties) = preSolution
		HideSolutionNode = FALSE
	EndGlobalSection
EndGlobal
